Microsoft Visual Studio Solution File, Format Version 12.00
# Visual Studio Version 17
VisualStudioVersion = 17.5.2.0
MinimumVisualStudioVersion = 10.0.40219.1
Project("{FAE04EC0-301F-11D3-BF4B-00C04F79EFBC}") = "Avalonia.DBus.Wire", "Avalonia.DBus.Wire.csproj", "{E485770E-3F5E-A6E9-6360-9F585E7F9A71}"
EndProject
Global
	GlobalSection(SolutionConfigurationPlatforms) = preSolution
		Debug|Any CPU = Debug|Any CPU
		Release|Any CPU = Release|Any CPU
	EndGlobalSection
	GlobalSection(ProjectConfigurationPlatforms) = postSolution
		{E485770E-3F5E-A6E9-6360-9F585E7F9A71}.Debug|Any CPU.ActiveCfg = Debug|Any CPU
		{E485770E-3F5E-A6E9-6360-9F585E7F9A71}.Debug|Any CPU.Build.0 = Debug|Any CPU
		{E485770E-3F5E-A6E9-6360-9F585E7F9A71}.Release|Any CPU.ActiveCfg = Release|Any CPU
		{E485770E-3F5E-A6E9-6360-9F585E7F9A71}.Release|Any CPU.Build.0 = Release|Any CPU
	EndGlobalSection
	GlobalSection(SolutionProperties) = preSolution
		HideSolutionNode = FALSE
	EndGlobalSection
	GlobalSection(ExtensibilityGlobals) = postSolution
		SolutionGuid = {2D019FCD-639B-4D7C-B9C6-4D69012F0924}
	EndGlobalSection
EndGlobal
